// !$*UTF8*$!
{
	archiveVersion = 1;
	classes = {
	};
	objectVersion = 56;
	objects = {

/* Begin PBXBuildFile section */
		910DAF042A47245D0061A933 /* CustomCellModel.swift in Sources */ = {isa = PBXBuildFile; fileRef = 910DAF032A47245D0061A933 /* CustomCellModel.swift */; };
		910DAF062A4760990061A933 /* CustomCell.swift in Sources */ = {isa = PBXBuildFile; fileRef = 910DAF052A4760990061A933 /* CustomCell.swift */; };
		910DAF082A4760C10061A933 /* TableView.swift in Sources */ = {isa = PBXBuildFile; fileRef = 910DAF072A4760C10061A933 /* TableView.swift */; };
		910DAF0A2A47647B0061A933 /* Enums.swift in Sources */ = {isa = PBXBuildFile; fileRef = 910DAF092A47647B0061A933 /* Enums.swift */; };
		910DAF0C2A4765E50061A933 /* DataSource.swift in Sources */ = {isa = PBXBuildFile; fileRef = 910DAF0B2A4765E50061A933 /* DataSource.swift */; };
		910DAF0E2A4768030061A933 /* UITableViewDiffableDataSource+Extension.swift in Sources */ = {isa = PBXBuildFile; fileRef = 910DAF0D2A4768030061A933 /* UITableViewDiffableDataSource+Extension.swift */; };
		910DAF102A4768350061A933 /* SelectionOptions.swift in Sources */ = {isa = PBXBuildFile; fileRef = 910DAF0F2A4768350061A933 /* SelectionOptions.swift */; };
		912F96872A45DD61009529FD /* TableTypeSafe+Extensions.swift in Sources */ = {isa = PBXBuildFile; fileRef = 912F96862A45DD61009529FD /* TableTypeSafe+Extensions.swift */; };
		912F968D2A45DE69009529FD /* UITableView+Extension.swift in Sources */ = {isa = PBXBuildFile; fileRef = 912F968C2A45DE69009529FD /* UITableView+Extension.swift */; };
		91CB292A2A3F23AE00BF4EBC /* AppDelegate.swift in Sources */ = {isa = PBXBuildFile; fileRef = 91CB29292A3F23AE00BF4EBC /* AppDelegate.swift */; };
		91CB292C2A3F23AE00BF4EBC /* SceneDelegate.swift in Sources */ = {isa = PBXBuildFile; fileRef = 91CB292B2A3F23AE00BF4EBC /* SceneDelegate.swift */; };
		91CB292E2A3F23AE00BF4EBC /* ViewController.swift in Sources */ = {isa = PBXBuildFile; fileRef = 91CB292D2A3F23AE00BF4EBC /* ViewController.swift */; };
		91CB29312A3F23AE00BF4EBC /* Main.storyboard in Resources */ = {isa = PBXBuildFile; fileRef = 91CB292F2A3F23AE00BF4EBC /* Main.storyboard */; };
		91CB29332A3F23AF00BF4EBC /* Assets.xcassets in Resources */ = {isa = PBXBuildFile; fileRef = 91CB29322A3F23AF00BF4EBC /* Assets.xcassets */; };
		91CB29362A3F23AF00BF4EBC /* LaunchScreen.storyboard in Resources */ = {isa = PBXBuildFile; fileRef = 91CB29342A3F23AF00BF4EBC /* LaunchScreen.storyboard */; };
/* End PBXBuildFile section */

/* Begin PBXFileReference section */
		910DAF032A47245D0061A933 /* CustomCellModel.swift */ = {isa = PBXFileReference; lastKnownFileType = sourcecode.swift; path = CustomCellModel.swift; sourceTree = "<group>"; };
		910DAF052A4760990061A933 /* CustomCell.swift */ = {isa = PBXFileReference; lastKnownFileType = sourcecode.swift; path = CustomCell.swift; sourceTree = "<group>"; };
		910DAF072A4760C10061A933 /* TableView.swift */ = {isa = PBXFileReference; fileEncoding = 4; lastKnownFileType = sourcecode.swift; path = TableView.swift; sourceTree = "<group>"; };
		910DAF092A47647B0061A933 /* Enums.swift */ = {isa = PBXFileReference; lastKnownFileType = sourcecode.swift; path = Enums.swift; sourceTree = "<group>"; };
		910DAF0B2A4765E50061A933 /* DataSource.swift */ = {isa = PBXFileReference; lastKnownFileType = sourcecode.swift; path = DataSource.swift; sourceTree = "<group>"; };
		910DAF0D2A4768030061A933 /* UITableViewDiffableDataSource+Extension.swift */ = {isa = PBXFileReference; lastKnownFileType = sourcecode.swift; path = "UITableViewDiffableDataSource+Extension.swift"; sourceTree = "<group>"; };
		910DAF0F2A4768350061A933 /* SelectionOptions.swift */ = {isa = PBXFileReference; lastKnownFileType = sourcecode.swift; path = SelectionOptions.swift; sourceTree = "<group>"; };
		912F96862A45DD61009529FD /* TableTypeSafe+Extensions.swift */ = {isa = PBXFileReference; lastKnownFileType = sourcecode.swift; path = "TableTypeSafe+Extensions.swift"; sourceTree = "<group>"; };
		912F968C2A45DE69009529FD /* UITableView+Extension.swift */ = {isa = PBXFileReference; lastKnownFileType = sourcecode.swift; path = "UITableView+Extension.swift"; sourceTree = "<group>"; };
		91CB29262A3F23AD00BF4EBC /* DiffableDSTest.app */ = {isa = PBXFileReference; explicitFileType = wrapper.application; includeInIndex = 0; path = DiffableDSTest.app; sourceTree = BUILT_PRODUCTS_DIR; };
		91CB29292A3F23AE00BF4EBC /* AppDelegate.swift */ = {isa = PBXFileReference; lastKnownFileType = sourcecode.swift; path = AppDelegate.swift; sourceTree = "<group>"; };
		91CB292B2A3F23AE00BF4EBC /* SceneDelegate.swift */ = {isa = PBXFileReference; lastKnownFileType = sourcecode.swift; path = SceneDelegate.swift; sourceTree = "<group>"; };
		91CB292D2A3F23AE00BF4EBC /* ViewController.swift */ = {isa = PBXFileReference; lastKnownFileType = sourcecode.swift; path = ViewController.swift; sourceTree = "<group>"; };
		91CB29302A3F23AE00BF4EBC /* Base */ = {isa = PBXFileReference; lastKnownFileType = file.storyboard; name = Base; path = Base.lproj/Main.storyboard; sourceTree = "<group>"; };
		91CB29322A3F23AF00BF4EBC /* Assets.xcassets */ = {isa = PBXFileReference; lastKnownFileType = folder.assetcatalog; path = Assets.xcassets; sourceTree = "<group>"; };
		91CB29352A3F23AF00BF4EBC /* Base */ = {isa = PBXFileReference; lastKnownFileType = file.storyboard; name = Base; path = Base.lproj/LaunchScreen.storyboard; sourceTree = "<group>"; };
		91CB29372A3F23AF00BF4EBC /* Info.plist */ = {isa = PBXFileReference; lastKnownFileType = text.plist.xml; path = Info.plist; sourceTree = "<group>"; };
/* End PBXFileReference section */

/* Begin PBXFrameworksBuildPhase section */
		91CB29232A3F23AD00BF4EBC /* Frameworks */ = {
			isa = PBXFrameworksBuildPhase;
			buildActionMask = 2147483647;
			files = (
			);
			runOnlyForDeploymentPostprocessing = 0;
		};
/* End PBXFrameworksBuildPhase section */

/* Begin PBXGroup section */
		91CB291D2A3F23AD00BF4EBC = {
			isa = PBXGroup;
			children = (
				91CB29282A3F23AD00BF4EBC /* DiffableDSTest */,
				91CB29272A3F23AD00BF4EBC /* Products */,
			);
			sourceTree = "<group>";
		};
		91CB29272A3F23AD00BF4EBC /* Products */ = {
			isa = PBXGroup;
			children = (
				91CB29262A3F23AD00BF4EBC /* DiffableDSTest.app */,
			);
			name = Products;
			sourceTree = "<group>";
		};
		91CB29282A3F23AD00BF4EBC /* DiffableDSTest */ = {
			isa = PBXGroup;
			children = (
				91CB29292A3F23AE00BF4EBC /* AppDelegate.swift */,
				91CB292B2A3F23AE00BF4EBC /* SceneDelegate.swift */,
				91CB292D2A3F23AE00BF4EBC /* ViewController.swift */,
				91CB292F2A3F23AE00BF4EBC /* Main.storyboard */,
				91CB29322A3F23AF00BF4EBC /* Assets.xcassets */,
				91CB29342A3F23AF00BF4EBC /* LaunchScreen.storyboard */,
				91CB29372A3F23AF00BF4EBC /* Info.plist */,
				912F96862A45DD61009529FD /* TableTypeSafe+Extensions.swift */,
				910DAF072A4760C10061A933 /* TableView.swift */,
				912F968C2A45DE69009529FD /* UITableView+Extension.swift */,
				910DAF032A47245D0061A933 /* CustomCellModel.swift */,
				910DAF052A4760990061A933 /* CustomCell.swift */,
				910DAF092A47647B0061A933 /* Enums.swift */,
				910DAF0B2A4765E50061A933 /* DataSource.swift */,
				910DAF0D2A4768030061A933 /* UITableViewDiffableDataSource+Extension.swift */,
				910DAF0F2A4768350061A933 /* SelectionOptions.swift */,
			);
			path = DiffableDSTest;
			sourceTree = "<group>";
		};
/* End PBXGroup section */

/* Begin PBXNativeTarget section */
		91CB29252A3F23AD00BF4EBC /* DiffableDSTest */ = {
			isa = PBXNativeTarget;
			buildConfigurationList = 91CB293A2A3F23AF00BF4EBC /* Build configuration list for PBXNativeTarget "DiffableDSTest" */;
			buildPhases = (
				91CB29222A3F23AD00BF4EBC /* Sources */,
				91CB29232A3F23AD00BF4EBC /* Frameworks */,
				91CB29242A3F23AD00BF4EBC /* Resources */,
			);
			buildRules = (
			);
			dependencies = (
			);
			name = DiffableDSTest;
			productName = DiffableDSTest;
			productReference = 91CB29262A3F23AD00BF4EBC /* DiffableDSTest.app */;
			productType = "com.apple.product-type.application";
		};
/* End PBXNativeTarget section */

/* Begin PBXProject section */
		91CB291E2A3F23AD00BF4EBC /* Project object */ = {
			isa = PBXProject;
			attributes = {
				BuildIndependentTargetsInParallel = 1;
				LastSwiftUpdateCheck = 1420;
				LastUpgradeCheck = 1420;
				TargetAttributes = {
					91CB29252A3F23AD00BF4EBC = {
						CreatedOnToolsVersion = 14.2;
					};
				};
			};
			buildConfigurationList = 91CB29212A3F23AD00BF4EBC /* Build configuration list for PBXProject "DiffableDSTest" */;
			compatibilityVersion = "Xcode 14.0";
			developmentRegion = en;
			hasScannedForEncodings = 0;
			knownRegions = (
				en,
				Base,
			);
			mainGroup = 91CB291D2A3F23AD00BF4EBC;
			productRefGroup = 91CB29272A3F23AD00BF4EBC /* Products */;
			projectDirPath = "";
			projectRoot = "";
			targets = (
				91CB29252A3F23AD00BF4EBC /* DiffableDSTest */,
			);
		};
/* End PBXProject section */

/* Begin PBXResourcesBuildPhase section */
		91CB29242A3F23AD00BF4EBC /* Resources */ = {
			isa = PBXResourcesBuildPhase;
			buildActionMask = 2147483647;
			files = (
				91CB29362A3F23AF00BF4EBC /* LaunchScreen.storyboard in Resources */,
				91CB29332A3F23AF00BF4EBC /* Assets.xcassets in Resources */,
				91CB29312A3F23AE00BF4EBC /* Main.storyboard in Resources */,
			);
			runOnlyForDeploymentPostprocessing = 0;
		};
/* End PBXResourcesBuildPhase section */

/* Begin PBXSourcesBuildPhase section */
		91CB29222A3F23AD00BF4EBC /* Sources */ = {
			isa = PBXSourcesBuildPhase;
			buildActionMask = 2147483647;
			files = (
				91CB292E2A3F23AE00BF4EBC /* ViewController.swift in Sources */,
				910DAF042A47245D0061A933 /* CustomCellModel.swift in Sources */,
				912F968D2A45DE69009529FD /* UITableView+Extension.swift in Sources */,
				910DAF102A4768350061A933 /* SelectionOptions.swift in Sources */,
				910DAF082A4760C10061A933 /* TableView.swift in Sources */,
				91CB292A2A3F23AE00BF4EBC /* AppDelegate.swift in Sources */,
				91CB292C2A3F23AE00BF4EBC /* SceneDelegate.swift in Sources */,
				910DAF062A4760990061A933 /* CustomCell.swift in Sources */,
				910DAF0A2A47647B0061A933 /* Enums.swift in Sources */,
				910DAF0E2A4768030061A933 /* UITableViewDiffableDataSource+Extension.swift in Sources */,
				910DAF0C2A4765E50061A933 /* DataSource.swift in Sources */,
				912F96872A45DD61009529FD /* TableTypeSafe+Extensions.swift in Sources */,
			);
			runOnlyForDeploymentPostprocessing = 0;
		};
/* End PBXSourcesBuildPhase section */

/* Begin PBXVariantGroup section */
		91CB292F2A3F23AE00BF4EBC /* Main.storyboard */ = {
			isa = PBXVariantGroup;
			children = (
				91CB29302A3F23AE00BF4EBC /* Base */,
			);
			name = Main.storyboard;
			sourceTree = "<group>";
		};
		91CB29342A3F23AF00BF4EBC /* LaunchScreen.storyboard */ = {
			isa = PBXVariantGroup;
			children = (
				91CB29352A3F23AF00BF4EBC /* Base */,
			);
			name = LaunchScreen.storyboard;
			sourceTree = "<group>";
		};
/* End PBXVariantGroup section */

/* Begin XCBuildConfiguration section */
		91CB29382A3F23AF00BF4EBC /* Debug */ = {
			isa = XCBuildConfiguration;
			buildSettings = {
				ALWAYS_SEARCH_USER_PATHS = NO;
				CLANG_ANALYZER_NONNULL = YES;
				CLANG_ANALYZER_NUMBER_OBJECT_CONVERSION = YES_AGGRESSIVE;
				CLANG_CXX_LANGUAGE_STANDARD = "gnu++20";
				CLANG_ENABLE_MODULES = YES;
				CLANG_ENABLE_OBJC_ARC = YES;
				CLANG_ENABLE_OBJC_WEAK = YES;
				CLANG_WARN_BLOCK_CAPTURE_AUTORELEASING = YES;
				CLANG_WARN_BOOL_CONVERSION = YES;
				CLANG_WARN_COMMA = YES;
				CLANG_WARN_CONSTANT_CONVERSION = YES;
				CLANG_WARN_DEPRECATED_OBJC_IMPLEMENTATIONS = YES;
				CLANG_WARN_DIRECT_OBJC_ISA_USAGE = YES_ERROR;
				CLANG_WARN_DOCUMENTATION_COMMENTS = YES;
				CLANG_WARN_EMPTY_BODY = YES;
				CLANG_WARN_ENUM_CONVERSION = YES;
				CLANG_WARN_INFINITE_RECURSION = YES;
				CLANG_WARN_INT_CONVERSION = YES;
				CLANG_WARN_NON_LITERAL_NULL_CONVERSION = YES;
				CLANG_WARN_OBJC_IMPLICIT_RETAIN_SELF = YES;
				CLANG_WARN_OBJC_LITERAL_CONVERSION = YES;
				CLANG_WARN_OBJC_ROOT_CLASS = YES_ERROR;
				CLANG_WARN_QUOTED_INCLUDE_IN_FRAMEWORK_HEADER = YES;
				CLANG_WARN_RANGE_LOOP_ANALYSIS = YES;
				CLANG_WARN_STRICT_PROTOTYPES = YES;
				CLANG_WARN_SUSPICIOUS_MOVE = YES;
				CLANG_WARN_UNGUARDED_AVAILABILITY = YES_AGGRESSIVE;
				CLANG_WARN_UNREACHABLE_CODE = YES;
				CLANG_WARN__DUPLICATE_METHOD_MATCH = YES;
				COPY_PHASE_STRIP = NO;
				DEBUG_INFORMATION_FORMAT = dwarf;
				ENABLE_STRICT_OBJC_MSGSEND = YES;
				ENABLE_TESTABILITY = YES;
				GCC_C_LANGUAGE_STANDARD = gnu11;
				GCC_DYNAMIC_NO_PIC = NO;
				GCC_NO_COMMON_BLOCKS = YES;
				GCC_OPTIMIZATION_LEVEL = 0;
				GCC_PREPROCESSOR_DEFINITIONS = (
					"DEBUG=1",
					"$(inherited)",
				);
				GCC_WARN_64_TO_32_BIT_CONVERSION = YES;
				GCC_WARN_ABOUT_RETURN_TYPE = YES_ERROR;
				GCC_WARN_UNDECLARED_SELECTOR = YES;
				GCC_WARN_UNINITIALIZED_AUTOS = YES_AGGRESSIVE;
				GCC_WARN_UNUSED_FUNCTION = YES;
				GCC_WARN_UNUSED_VARIABLE = YES;
				IPHONEOS_DEPLOYMENT_TARGET = 16.2;
				MTL_ENABLE_DEBUG_INFO = INCLUDE_SOURCE;
				MTL_FAST_MATH = YES;
				ONLY_ACTIVE_ARCH = YES;
				SDKROOT = iphoneos;
				SWIFT_ACTIVE_COMPILATION_CONDITIONS = DEBUG;
				SWIFT_OPTIMIZATION_LEVEL = "-Onone";
			};
			name = Debug;
		};
		91CB29392A3F23AF00BF4EBC /* Release */ = {
			isa = XCBuildConfiguration;
			buildSettings = {
				ALWAYS_SEARCH_USER_PATHS = NO;
				CLANG_ANALYZER_NONNULL = YES;
				CLANG_ANALYZER_NUMBER_OBJECT_CONVERSION = YES_AGGRESSIVE;
				CLANG_CXX_LANGUAGE_STANDARD = "gnu++20";
				CLANG_ENABLE_MODULES = YES;
				CLANG_ENABLE_OBJC_ARC = YES;
				CLANG_ENABLE_OBJC_WEAK = YES;
				CLANG_WARN_BLOCK_CAPTURE_AUTORELEASING = YES;
				CLANG_WARN_BOOL_CONVERSION = YES;
				CLANG_WARN_COMMA = YES;
				CLANG_WARN_CONSTANT_CONVERSION = YES;
				CLANG_WARN_DEPRECATED_OBJC_IMPLEMENTATIONS = YES;
				CLANG_WARN_DIRECT_OBJC_ISA_USAGE = YES_ERROR;
				CLANG_WARN_DOCUMENTATION_COMMENTS = YES;
				CLANG_WARN_EMPTY_BODY = YES;
				CLANG_WARN_ENUM_CONVERSION = YES;
				CLANG_WARN_INFINITE_RECURSION = YES;
				CLANG_WARN_INT_CONVERSION = YES;
				CLANG_WARN_NON_LITERAL_NULL_CONVERSION = YES;
				CLANG_WARN_OBJC_IMPLICIT_RETAIN_SELF = YES;
				CLANG_WARN_OBJC_LITERAL_CONVERSION = YES;
				CLANG_WARN_OBJC_ROOT_CLASS = YES_ERROR;
				CLANG_WARN_QUOTED_INCLUDE_IN_FRAMEWORK_HEADER = YES;
				CLANG_WARN_RANGE_LOOP_ANALYSIS = YES;
				CLANG_WARN_STRICT_PROTOTYPES = YES;
				CLANG_WARN_SUSPICIOUS_MOVE = YES;
				CLANG_WARN_UNGUARDED_AVAILABILITY = YES_AGGRESSIVE;
				CLANG_WARN_UNREACHABLE_CODE = YES;
				CLANG_WARN__DUPLICATE_METHOD_MATCH = YES;
				COPY_PHASE_STRIP = NO;
				DEBUG_INFORMATION_FORMAT = "dwarf-with-dsym";
				ENABLE_NS_ASSERTIONS = NO;
				ENABLE_STRICT_OBJC_MSGSEND = YES;
				GCC_C_LANGUAGE_STANDARD = gnu11;
				GCC_NO_COMMON_BLOCKS = YES;
				GCC_WARN_64_TO_32_BIT_CONVERSION = YES;
				GCC_WARN_ABOUT_RETURN_TYPE = YES_ERROR;
				GCC_WARN_UNDECLARED_SELECTOR = YES;
				GCC_WARN_UNINITIALIZED_AUTOS = YES_AGGRESSIVE;
				GCC_WARN_UNUSED_FUNCTION = YES;
				GCC_WARN_UNUSED_VARIABLE = YES;
				IPHONEOS_DEPLOYMENT_TARGET = 16.2;
				MTL_ENABLE_DEBUG_INFO = NO;
				MTL_FAST_MATH = YES;
				SDKROOT = iphoneos;
				SWIFT_COMPILATION_MODE = wholemodule;
				SWIFT_OPTIMIZATION_LEVEL = "-O";
				VALIDATE_PRODUCT = YES;
			};
			name = Release;
		};
		91CB293B2A3F23AF00BF4EBC /* Debug */ = {
			isa = XCBuildConfiguration;
			buildSettings = {
				ASSETCATALOG_COMPILER_APPICON_NAME = AppIcon;
				ASSETCATALOG_COMPILER_GLOBAL_ACCENT_COLOR_NAME = AccentColor;
				CODE_SIGN_STYLE = Automatic;
				CURRENT_PROJECT_VERSION = 1;
				DEVELOPMENT_TEAM = SN623CU8P7;
				GENERATE_INFOPLIST_FILE = YES;
				INFOPLIST_FILE = DiffableDSTest/Info.plist;
				INFOPLIST_KEY_UIApplicationSupportsIndirectInputEvents = YES;
				INFOPLIST_KEY_UILaunchStoryboardName = LaunchScreen;
				INFOPLIST_KEY_UIMainStoryboardFile = Main;
				INFOPLIST_KEY_UISupportedInterfaceOrientations_iPad = "UIInterfaceOrientationPortrait UIInterfaceOrientationPortraitUpsideDown UIInterfaceOrientationLandscapeLeft UIInterfaceOrientationLandscapeRight";
				INFOPLIST_KEY_UISupportedInterfaceOrientations_iPhone = "UIInterfaceOrientationPortrait UIInterfaceOrientationLandscapeLeft UIInterfaceOrientationLandscapeRight";
				LD_RUNPATH_SEARCH_PATHS = (
					"$(inherited)",
					"@executable_path/Frameworks",
				);
				MARKETING_VERSION = 1.0;
				PRODUCT_BUNDLE_IDENTIFIER = app.bucktracker.DiffableDSTest;
				PRODUCT_NAME = "$(TARGET_NAME)";
				SWIFT_EMIT_LOC_STRINGS = YES;
				SWIFT_VERSION = 5.0;
				TARGETED_DEVICE_FAMILY = "1,2";
			};
			name = Debug;
		};
		91CB293C2A3F23AF00BF4EBC /* Release */ = {
			isa = XCBuildConfiguration;
			buildSettings = {
				ASSETCATALOG_COMPILER_APPICON_NAME = AppIcon;
				ASSETCATALOG_COMPILER_GLOBAL_ACCENT_COLOR_NAME = AccentColor;
				CODE_SIGN_STYLE = Automatic;
				CURRENT_PROJECT_VERSION = 1;
				DEVELOPMENT_TEAM = SN623CU8P7;
				GENERATE_INFOPLIST_FILE = YES;
				INFOPLIST_FILE = DiffableDSTest/Info.plist;
				INFOPLIST_KEY_UIApplicationSupportsIndirectInputEvents = YES;
				INFOPLIST_KEY_UILaunchStoryboardName = LaunchScreen;
				INFOPLIST_KEY_UIMainStoryboardFile = Main;
				INFOPLIST_KEY_UISupportedInterfaceOrientations_iPad = "UIInterfaceOrientationPortrait UIInterfaceOrientationPortraitUpsideDown UIInterfaceOrientationLandscapeLeft UIInterfaceOrientationLandscapeRight";
				INFOPLIST_KEY_UISupportedInterfaceOrientations_iPhone = "UIInterfaceOrientationPortrait UIInterfaceOrientationLandscapeLeft UIInterfaceOrientationLandscapeRight";
				LD_RUNPATH_SEARCH_PATHS = (
					"$(inherited)",
					"@executable_path/Frameworks",
				);
				MARKETING_VERSION = 1.0;
				PRODUCT_BUNDLE_IDENTIFIER = app.bucktracker.DiffableDSTest;
				PRODUCT_NAME = "$(TARGET_NAME)";
				SWIFT_EMIT_LOC_STRINGS = YES;
				SWIFT_VERSION = 5.0;
				TARGETED_DEVICE_FAMILY = "1,2";
			};
			name = Release;
		};
/* End XCBuildConfiguration section */

/* Begin XCConfigurationList section */
		91CB29212A3F23AD00BF4EBC /* Build configuration list for PBXProject "DiffableDSTest" */ = {
			isa = XCConfigurationList;
			buildConfigurations = (
				91CB29382A3F23AF00BF4EBC /* Debug */,
				91CB29392A3F23AF00BF4EBC /* Release */,
			);
			defaultConfigurationIsVisible = 0;
			defaultConfigurationName = Release;
		};
		91CB293A2A3F23AF00BF4EBC /* Build configuration list for PBXNativeTarget "DiffableDSTest" */ = {
			isa = XCConfigurationList;
			buildConfigurations = (
				91CB293B2A3F23AF00BF4EBC /* Debug */,
				91CB293C2A3F23AF00BF4EBC /* Release */,
			);
			defaultConfigurationIsVisible = 0;
			defaultConfigurationName = Release;
		};
/* End XCConfigurationList section */
	};
	rootObject = 91CB291E2A3F23AD00BF4EBC /* Project object */;
}
